{
  "version": 4,
  "terraform_version": "1.10.3",
  "serial": 23,
  "lineage": "2318b550-9f2d-60d3-7f57-13be87a437ad",
  "outputs": {},
  "resources": [
    {
      "mode": "managed",
      "type": "aws_eip",
      "name": "nat_eip",
      "provider": "provider[\"registry.terraform.io/hashicorp/aws\"]",
      "instances": [
        {
          "schema_version": 0,
          "attributes": {
            "address": null,
            "allocation_id": "eipalloc-0eace6250aa5fdc6f",
            "arn": "arn:aws:ec2:me-south-1:729207654069:elastic-ip/eipalloc-0eace6250aa5fdc6f",
            "associate_with_private_ip": null,
            "association_id": "",
            "carrier_ip": "",
            "customer_owned_ip": "",
            "customer_owned_ipv4_pool": "",
            "domain": "vpc",
            "id": "eipalloc-0eace6250aa5fdc6f",
            "instance": "",
            "ipam_pool_id": null,
            "network_border_group": "me-south-1",
            "network_interface": "",
            "private_dns": null,
            "private_ip": "",
            "ptr_record": "",
            "public_dns": "ec2-16-24-183-152.me-south-1.compute.amazonaws.com",
            "public_ip": "16.24.183.152",
            "public_ipv4_pool": "amazon",
            "tags": {
              "Name": "shopping-app-NATGatewayEIP"
            },
            "tags_all": {
              "Name": "shopping-app-NATGatewayEIP"
            },
            "timeouts": null,
            "vpc": true
          },
          "sensitive_attributes": [],
          "private": "eyJlMmJmYjczMC1lY2FhLTExZTYtOGY4OC0zNDM2M2JjN2M0YzAiOnsiZGVsZXRlIjoxODAwMDAwMDAwMDAsInJlYWQiOjkwMDAwMDAwMDAwMCwidXBkYXRlIjozMDAwMDAwMDAwMDB9fQ=="
        }
      ]
    },
    {
      "mode": "managed",
      "type": "aws_eks_cluster",
      "name": "shopping_app_cluster",
      "provider": "provider[\"registry.terraform.io/hashicorp/aws\"]",
      "instances": [
        {
          "schema_version": 1,
          "attributes": {
            "access_config": [
              {
                "authentication_mode": "CONFIG_MAP",
                "bootstrap_cluster_creator_admin_permissions": true
              }
            ],
            "arn": "arn:aws:eks:me-south-1:729207654069:cluster/3-tier-shopping-app",
            "bootstrap_self_managed_addons": true,
            "certificate_authority": [
              {
                "data": "LS0tLS1CRUdJTiBDRVJUSUZJQ0FURS0tLS0tCk1JSURCVENDQWUyZ0F3SUJBZ0lJU1ZuaklKWXhBc3N3RFFZSktvWklodmNOQVFFTEJRQXdGVEVUTUJFR0ExVUUKQXhNS2EzVmlaWEp1WlhSbGN6QWVGdzB5TlRBeE1ETXhOVFF6TkRKYUZ3MHpOVEF4TURFeE5UUTROREphTUJVeApFekFSQmdOVkJBTVRDbXQxWW1WeWJtVjBaWE13Z2dFaU1BMEdDU3FHU0liM0RRRUJBUVVBQTRJQkR3QXdnZ0VLCkFvSUJBUURCY3p3djhidzVJdXRWeFEvekFkTVRnQ1VQUE9mbjE2ckxNdzFHTEhhb0dsOUxJOVdiMlV0ZkcyNm0KUlg3QmdDQkFjWlM2bGhuVFZJNTEyQkJFL2Z6K1ZUeU5jN1NNNkN3VGRtczB0TXNjUExoK05VVFFiakRIMTVXLwowN044WW8zdWl5dlZSa3V0aHViVWF1bXVzY1dHWWQwd2MyZm1WVEV6b3dDUGtaTzdraG5WeFdSdFV5U0l3bUhWClh0S25aN2NiL3JraHVFWUkzc0EyYU9JVjByeFpSOWM1Ykk5UHNDU0pEMFlIcTlKVHpJVTVkU29QM3UyQW8raFQKTmlKUzYwY3JpSWdsc2lVeWxjSVpXQUltT3pZbll0SE50UDIwK2JyTDVtU2ZZRjZwWmpRL2RyS3VsOU5OQVR4OQp5bXRaaGtUVXZKcjVwdW91ZnFyc2ZwUmoxVzRYQWdNQkFBR2pXVEJYTUE0R0ExVWREd0VCL3dRRUF3SUNwREFQCkJnTlZIUk1CQWY4RUJUQURBUUgvTUIwR0ExVWREZ1FXQkJTN1BBSkoycjZFY2hQMnRUZm1CZzR2ZUVYNXR6QVYKQmdOVkhSRUVEakFNZ2dwcmRXSmxjbTVsZEdWek1BMEdDU3FHU0liM0RRRUJDd1VBQTRJQkFRQ3REV3RwamJFNgpVQVNYUDNwRHVsWHJhN3JDOE81dTRFVWZzMklrWEJVTXNLRzBFY0JhQ3JLQ0dZdS9jNGM0Q3F2cjQxbUUxYnloCmloajZBRDhlRnNzallnVGRFQ25Ob1pDa2d5VGUwc25QS2lEdW1zc0t4K3lhbEZqbUxPYjhQbFVncVJCaTduR24KZU5EWHlSS3NtcDROWENFcDJvanRYb2dWM3pHVU0yNWpGUGU5MSs3cElwTGl3RjVMRGxlSFpPcWZsdTZDRTd3OAo1bmJZYk9KeFhRMkc0RGZ3WlBDSFQzckdLNSs0WnVoTHJOU1AyV0trais4U3c5M21ScllobWJiMzBJTWpGbFNiCnc5L1JOYTlBR0ZBYlhjR1JTdGVxcnc4R01ma3NvSTIxTjFmM2VPbWFrd21IbUt2VnRsc1FCMGlmSy9QMmZZOTQKR3h3WXBFT00zSEFiCi0tLS0tRU5EIENFUlRJRklDQVRFLS0tLS0K"
              }
            ],
            "cluster_id": null,
            "compute_config": [],
            "created_at": "2025-01-03T15:45:00Z",
            "enabled_cluster_log_types": [],
            "encryption_config": [],
            "endpoint": "https://024074FD50C2B0DB83D1DF5B71D70B2B.sk1.me-south-1.eks.amazonaws.com",
            "id": "3-tier-shopping-app",
            "identity": [
              {
                "oidc": [
                  {
                    "issuer": "https://oidc.eks.me-south-1.amazonaws.com/id/024074FD50C2B0DB83D1DF5B71D70B2B"
                  }
                ]
              }
            ],
            "kubernetes_network_config": [
              {
                "elastic_load_balancing": [
                  {
                    "enabled": false
                  }
                ],
                "ip_family": "ipv4",
                "service_ipv4_cidr": "172.20.0.0/16",
                "service_ipv6_cidr": ""
              }
            ],
            "name": "3-tier-shopping-app",
            "outpost_config": [],
            "platform_version": "eks.16",
            "remote_network_config": [],
            "role_arn": "arn:aws:iam::729207654069:role/eks-cluster-role",
            "status": "ACTIVE",
            "storage_config": [],
            "tags": {},
            "tags_all": {},
            "timeouts": null,
            "upgrade_policy": [
              {
                "support_type": "EXTENDED"
              }
            ],
            "version": "1.31",
            "vpc_config": [
              {
                "cluster_security_group_id": "sg-02cb3277d7ca60896",
                "endpoint_private_access": false,
                "endpoint_public_access": true,
                "public_access_cidrs": [
                  "0.0.0.0/0"
                ],
                "security_group_ids": [],
                "subnet_ids": [
                  "subnet-075e00d55ab9a1fa3",
                  "subnet-091a35baacbd78011"
                ],
                "vpc_id": "vpc-03f7b7f9acbc189f9"
              }
            ],
            "zonal_shift_config": []
          },
          "sensitive_attributes": [],
          "private": "eyJlMmJmYjczMC1lY2FhLTExZTYtOGY4OC0zNDM2M2JjN2M0YzAiOnsiY3JlYXRlIjoxODAwMDAwMDAwMDAwLCJkZWxldGUiOjkwMDAwMDAwMDAwMCwidXBkYXRlIjozNjAwMDAwMDAwMDAwfSwic2NoZW1hX3ZlcnNpb24iOiIxIn0=",
          "dependencies": [
            "aws_iam_role.eks_cluster_role",
            "aws_iam_role_policy_attachment.cluster_AmazonEKSClusterPolicy",
            "aws_subnet.shopping-app-private-subnet-az1",
            "aws_subnet.shopping-app-private-subnet-az2",
            "aws_vpc.shopping-app"
          ]
        }
      ]
    },
    {
      "mode": "managed",
      "type": "aws_iam_role",
      "name": "eks_cluster_role",
      "provider": "provider[\"registry.terraform.io/hashicorp/aws\"]",
      "instances": [
        {
          "schema_version": 0,
          "attributes": {
            "arn": "arn:aws:iam::729207654069:role/eks-cluster-role",
            "assume_role_policy": "{\"Statement\":[{\"Action\":\"sts:AssumeRole\",\"Effect\":\"Allow\",\"Principal\":{\"Service\":\"eks.amazonaws.com\"}}],\"Version\":\"2012-10-17\"}",
            "create_date": "2025-01-03T15:42:58Z",
            "description": "",
            "force_detach_policies": false,
            "id": "eks-cluster-role",
            "inline_policy": [],
            "managed_policy_arns": [
              "arn:aws:iam::aws:policy/AmazonEKSClusterPolicy"
            ],
            "max_session_duration": 3600,
            "name": "eks-cluster-role",
            "name_prefix": "",
            "path": "/",
            "permissions_boundary": "",
            "tags": {
              "Name": "EKS-Cluster-Role"
            },
            "tags_all": {
              "Name": "EKS-Cluster-Role"
            },
            "unique_id": "AROA2TSBJY22SUQA6WIRS"
          },
          "sensitive_attributes": [],
          "private": "bnVsbA=="
        }
      ]
    },
    {
      "mode": "managed",
      "type": "aws_iam_role_policy_attachment",
      "name": "cluster_AmazonEKSClusterPolicy",
      "provider": "provider[\"registry.terraform.io/hashicorp/aws\"]",
      "instances": [
        {
          "schema_version": 0,
          "attributes": {
            "id": "eks-cluster-role-20250103154259511800000001",
            "policy_arn": "arn:aws:iam::aws:policy/AmazonEKSClusterPolicy",
            "role": "eks-cluster-role"
          },
          "sensitive_attributes": [],
          "private": "bnVsbA==",
          "dependencies": [
            "aws_iam_role.eks_cluster_role"
          ]
        }
      ]
    },
    {
      "mode": "managed",
      "type": "aws_internet_gateway",
      "name": "shopping_app_igw",
      "provider": "provider[\"registry.terraform.io/hashicorp/aws\"]",
      "instances": [
        {
          "schema_version": 0,
          "attributes": {
            "arn": "arn:aws:ec2:me-south-1:729207654069:internet-gateway/igw-0b9a9d66d12dd7d06",
            "id": "igw-0b9a9d66d12dd7d06",
            "owner_id": "729207654069",
            "tags": {
              "Name": "shopping-app-InternetGateway"
            },
            "tags_all": {
              "Name": "shopping-app-InternetGateway"
            },
            "timeouts": null,
            "vpc_id": "vpc-03f7b7f9acbc189f9"
          },
          "sensitive_attributes": [],
          "private": "eyJlMmJmYjczMC1lY2FhLTExZTYtOGY4OC0zNDM2M2JjN2M0YzAiOnsiY3JlYXRlIjoxMjAwMDAwMDAwMDAwLCJkZWxldGUiOjEyMDAwMDAwMDAwMDAsInVwZGF0ZSI6MTIwMDAwMDAwMDAwMH19",
          "dependencies": [
            "aws_vpc.shopping-app"
          ]
        }
      ]
    },
    {
      "mode": "managed",
      "type": "aws_nat_gateway",
      "name": "nat_gw",
      "provider": "provider[\"registry.terraform.io/hashicorp/aws\"]",
      "instances": [
        {
          "schema_version": 0,
          "attributes": {
            "allocation_id": "eipalloc-0eace6250aa5fdc6f",
            "association_id": "eipassoc-04bea3c523a4367a1",
            "connectivity_type": "public",
            "id": "nat-0c2c0c9d834f7436f",
            "network_interface_id": "eni-0a7f81713476f3f2f",
            "private_ip": "10.0.1.108",
            "public_ip": "16.24.183.152",
            "secondary_allocation_ids": null,
            "secondary_private_ip_address_count": 0,
            "secondary_private_ip_addresses": [],
            "subnet_id": "subnet-091a35baacbd78011",
            "tags": {
              "Name": "shopping-app-NATGateway"
            },
            "tags_all": {
              "Name": "shopping-app-NATGateway"
            },
            "timeouts": null
          },
          "sensitive_attributes": [],
          "private": "eyJlMmJmYjczMC1lY2FhLTExZTYtOGY4OC0zNDM2M2JjN2M0YzAiOnsiY3JlYXRlIjo2MDAwMDAwMDAwMDAsImRlbGV0ZSI6MTgwMDAwMDAwMDAwMCwidXBkYXRlIjo2MDAwMDAwMDAwMDB9fQ==",
          "dependencies": [
            "aws_eip.nat_eip",
            "aws_internet_gateway.shopping_app_igw",
            "aws_subnet.shopping-app-private-subnet-az1",
            "aws_vpc.shopping-app"
          ]
        }
      ]
    },
    {
      "mode": "managed",
      "type": "aws_route_table",
      "name": "private",
      "provider": "provider[\"registry.terraform.io/hashicorp/aws\"]",
      "instances": [
        {
          "schema_version": 0,
          "attributes": {
            "arn": "arn:aws:ec2:me-south-1:729207654069:route-table/rtb-0ecb5df6ed5bb7855",
            "id": "rtb-0ecb5df6ed5bb7855",
            "owner_id": "729207654069",
            "propagating_vgws": [],
            "route": [
              {
                "carrier_gateway_id": "",
                "cidr_block": "0.0.0.0/0",
                "core_network_arn": "",
                "destination_prefix_list_id": "",
                "egress_only_gateway_id": "",
                "gateway_id": "",
                "ipv6_cidr_block": "",
                "local_gateway_id": "",
                "nat_gateway_id": "nat-0c2c0c9d834f7436f",
                "network_interface_id": "",
                "transit_gateway_id": "",
                "vpc_endpoint_id": "",
                "vpc_peering_connection_id": ""
              }
            ],
            "tags": {
              "Name": "shopping-app-PrivateRouteTable"
            },
            "tags_all": {
              "Name": "shopping-app-PrivateRouteTable"
            },
            "timeouts": null,
            "vpc_id": "vpc-03f7b7f9acbc189f9"
          },
          "sensitive_attributes": [],
          "private": "eyJlMmJmYjczMC1lY2FhLTExZTYtOGY4OC0zNDM2M2JjN2M0YzAiOnsiY3JlYXRlIjozMDAwMDAwMDAwMDAsImRlbGV0ZSI6MzAwMDAwMDAwMDAwLCJ1cGRhdGUiOjEyMDAwMDAwMDAwMH19",
          "dependencies": [
            "aws_eip.nat_eip",
            "aws_internet_gateway.shopping_app_igw",
            "aws_nat_gateway.nat_gw",
            "aws_subnet.shopping-app-private-subnet-az1",
            "aws_vpc.shopping-app"
          ]
        }
      ]
    },
    {
      "mode": "managed",
      "type": "aws_route_table_association",
      "name": "private_assoc_az1",
      "provider": "provider[\"registry.terraform.io/hashicorp/aws\"]",
      "instances": [
        {
          "schema_version": 0,
          "attributes": {
            "gateway_id": "",
            "id": "rtbassoc-087eceafbbd2a8283",
            "route_table_id": "rtb-0ecb5df6ed5bb7855",
            "subnet_id": "subnet-091a35baacbd78011",
            "timeouts": null
          },
          "sensitive_attributes": [],
          "private": "eyJlMmJmYjczMC1lY2FhLTExZTYtOGY4OC0zNDM2M2JjN2M0YzAiOnsiY3JlYXRlIjozMDAwMDAwMDAwMDAsImRlbGV0ZSI6MzAwMDAwMDAwMDAwLCJ1cGRhdGUiOjEyMDAwMDAwMDAwMH19",
          "dependencies": [
            "aws_eip.nat_eip",
            "aws_internet_gateway.shopping_app_igw",
            "aws_nat_gateway.nat_gw",
            "aws_route_table.private",
            "aws_subnet.shopping-app-private-subnet-az1",
            "aws_vpc.shopping-app"
          ]
        }
      ]
    },
    {
      "mode": "managed",
      "type": "aws_route_table_association",
      "name": "private_assoc_az2",
      "provider": "provider[\"registry.terraform.io/hashicorp/aws\"]",
      "instances": [
        {
          "schema_version": 0,
          "attributes": {
            "gateway_id": "",
            "id": "rtbassoc-0e05e1c55beefcda1",
            "route_table_id": "rtb-0ecb5df6ed5bb7855",
            "subnet_id": "subnet-075e00d55ab9a1fa3",
            "timeouts": null
          },
          "sensitive_attributes": [],
          "private": "eyJlMmJmYjczMC1lY2FhLTExZTYtOGY4OC0zNDM2M2JjN2M0YzAiOnsiY3JlYXRlIjozMDAwMDAwMDAwMDAsImRlbGV0ZSI6MzAwMDAwMDAwMDAwLCJ1cGRhdGUiOjEyMDAwMDAwMDAwMH19",
          "dependencies": [
            "aws_eip.nat_eip",
            "aws_internet_gateway.shopping_app_igw",
            "aws_nat_gateway.nat_gw",
            "aws_route_table.private",
            "aws_subnet.shopping-app-private-subnet-az1",
            "aws_subnet.shopping-app-private-subnet-az2",
            "aws_vpc.shopping-app"
          ]
        }
      ]
    },
    {
      "mode": "managed",
      "type": "aws_subnet",
      "name": "shopping-app-private-subnet-az1",
      "provider": "provider[\"registry.terraform.io/hashicorp/aws\"]",
      "instances": [
        {
          "schema_version": 1,
          "attributes": {
            "arn": "arn:aws:ec2:me-south-1:729207654069:subnet/subnet-091a35baacbd78011",
            "assign_ipv6_address_on_creation": false,
            "availability_zone": "me-south-1a",
            "availability_zone_id": "mes1-az1",
            "cidr_block": "10.0.1.0/24",
            "customer_owned_ipv4_pool": "",
            "enable_dns64": false,
            "enable_lni_at_device_index": 0,
            "enable_resource_name_dns_a_record_on_launch": false,
            "enable_resource_name_dns_aaaa_record_on_launch": false,
            "id": "subnet-091a35baacbd78011",
            "ipv6_cidr_block": "",
            "ipv6_cidr_block_association_id": "",
            "ipv6_native": false,
            "map_customer_owned_ip_on_launch": false,
            "map_public_ip_on_launch": false,
            "outpost_arn": "",
            "owner_id": "729207654069",
            "private_dns_hostname_type_on_launch": "ip-name",
            "tags": {
              "Name": "shopping-app-private-subnet-az1"
            },
            "tags_all": {
              "Name": "shopping-app-private-subnet-az1"
            },
            "timeouts": null,
            "vpc_id": "vpc-03f7b7f9acbc189f9"
          },
          "sensitive_attributes": [],
          "private": "eyJlMmJmYjczMC1lY2FhLTExZTYtOGY4OC0zNDM2M2JjN2M0YzAiOnsiY3JlYXRlIjo2MDAwMDAwMDAwMDAsImRlbGV0ZSI6MTIwMDAwMDAwMDAwMH0sInNjaGVtYV92ZXJzaW9uIjoiMSJ9",
          "dependencies": [
            "aws_vpc.shopping-app"
          ]
        }
      ]
    },
    {
      "mode": "managed",
      "type": "aws_subnet",
      "name": "shopping-app-private-subnet-az2",
      "provider": "provider[\"registry.terraform.io/hashicorp/aws\"]",
      "instances": [
        {
          "schema_version": 1,
          "attributes": {
            "arn": "arn:aws:ec2:me-south-1:729207654069:subnet/subnet-075e00d55ab9a1fa3",
            "assign_ipv6_address_on_creation": false,
            "availability_zone": "me-south-1b",
            "availability_zone_id": "mes1-az2",
            "cidr_block": "10.0.2.0/24",
            "customer_owned_ipv4_pool": "",
            "enable_dns64": false,
            "enable_lni_at_device_index": 0,
            "enable_resource_name_dns_a_record_on_launch": false,
            "enable_resource_name_dns_aaaa_record_on_launch": false,
            "id": "subnet-075e00d55ab9a1fa3",
            "ipv6_cidr_block": "",
            "ipv6_cidr_block_association_id": "",
            "ipv6_native": false,
            "map_customer_owned_ip_on_launch": false,
            "map_public_ip_on_launch": false,
            "outpost_arn": "",
            "owner_id": "729207654069",
            "private_dns_hostname_type_on_launch": "ip-name",
            "tags": {
              "Name": "shopping-app-private-subnet-az2"
            },
            "tags_all": {
              "Name": "shopping-app-private-subnet-az2"
            },
            "timeouts": null,
            "vpc_id": "vpc-03f7b7f9acbc189f9"
          },
          "sensitive_attributes": [],
          "private": "eyJlMmJmYjczMC1lY2FhLTExZTYtOGY4OC0zNDM2M2JjN2M0YzAiOnsiY3JlYXRlIjo2MDAwMDAwMDAwMDAsImRlbGV0ZSI6MTIwMDAwMDAwMDAwMH0sInNjaGVtYV92ZXJzaW9uIjoiMSJ9",
          "dependencies": [
            "aws_vpc.shopping-app"
          ]
        }
      ]
    },
    {
      "mode": "managed",
      "type": "aws_vpc",
      "name": "shopping-app",
      "provider": "provider[\"registry.terraform.io/hashicorp/aws\"]",
      "instances": [
        {
          "schema_version": 1,
          "attributes": {
            "arn": "arn:aws:ec2:me-south-1:729207654069:vpc/vpc-03f7b7f9acbc189f9",
            "assign_generated_ipv6_cidr_block": false,
            "cidr_block": "10.0.0.0/16",
            "default_network_acl_id": "acl-0554d459e40347fa8",
            "default_route_table_id": "rtb-03de9ca67cc495786",
            "default_security_group_id": "sg-0f864977c533caac9",
            "dhcp_options_id": "dopt-0d4d6bf78b04b8679",
            "enable_dns_hostnames": false,
            "enable_dns_support": true,
            "enable_network_address_usage_metrics": false,
            "id": "vpc-03f7b7f9acbc189f9",
            "instance_tenancy": "default",
            "ipv4_ipam_pool_id": null,
            "ipv4_netmask_length": null,
            "ipv6_association_id": "",
            "ipv6_cidr_block": "",
            "ipv6_cidr_block_network_border_group": "",
            "ipv6_ipam_pool_id": "",
            "ipv6_netmask_length": 0,
            "main_route_table_id": "rtb-03de9ca67cc495786",
            "owner_id": "729207654069",
            "tags": {
              "Name": "shopping-app"
            },
            "tags_all": {
              "Name": "shopping-app"
            }
          },
          "sensitive_attributes": [],
          "private": "eyJzY2hlbWFfdmVyc2lvbiI6IjEifQ=="
        }
      ]
    }
  ],
  "check_results": null
}
